
Microsoft Visual Studio Solution File, Format Version 12.00
# Visual Studio Version 16
VisualStudioVersion = 16.0.31624.102
MinimumVisualStudioVersion = 10.0.40219.1
Project("{FAE04EC0-301F-11D3-BF4B-00C04F79EFBC}") = "DestructorExample", "DestructorExample\DestructorExample.csproj", "{9149053C-D83B-41B3-9097-BA0EDF475B37}"
EndProject
Global
	GlobalSection(SolutionConfigurationPlatforms) = preSolution
		Debug|Any CPU = Debug|Any CPU
		Release|Any CPU = Release|Any CPU
	EndGlobalSection
	GlobalSection(ProjectConfigurationPlatforms) = postSolution
		{9149053C-D83B-41B3-9097-BA0EDF475B37}.Debug|Any CPU.ActiveCfg = Debug|Any CPU
		{9149053C-D83B-41B3-9097-BA0EDF475B37}.Debug|Any CPU.Build.0 = Debug|Any CPU
		{9149053C-D83B-41B3-9097-BA0EDF475B37}.Release|Any CPU.ActiveCfg = Release|Any CPU
		{9149053C-D83B-41B3-9097-BA0EDF475B37}.Release|Any CPU.Build.0 = Release|Any CPU
	EndGlobalSection
	GlobalSection(SolutionProperties) = preSolution
		HideSolutionNode = FALSE
	EndGlobalSection
	GlobalSection(ExtensibilityGlobals) = postSolution
		SolutionGuid = {E4CD2A77-522B-45D1-9A06-FBE890888F1A}
	EndGlobalSection
EndGlobal
